
Microsoft Visual Studio Solution File, Format Version 12.00
# Visual Studio 14
VisualStudioVersion = 14.0.25420.1
MinimumVisualStudioVersion = 10.0.40219.1
Project("{FAE04EC0-301F-11D3-BF4B-00C04F79EFBC}") = "XtrmCoach", "XtrmCoach\XtrmCoach.csproj", "{CC6BA486-D8EF-46BA-8435-FD3415DEC556}"
EndProject
Project("{FAE04EC0-301F-11D3-BF4B-00C04F79EFBC}") = "XtrmCoachRESTServer", "XtrmCoachRESTServer\XtrmCoachRESTServer.csproj", "{0D551AB7-8347-4A47-B57C-742CBC967DBF}"
EndProject
Global
	GlobalSection(SolutionConfigurationPlatforms) = preSolution
		Debug|Any CPU = Debug|Any CPU
		Release|Any CPU = Release|Any CPU
	EndGlobalSection
	GlobalSection(ProjectConfigurationPlatforms) = postSolution
		{CC6BA486-D8EF-46BA-8435-FD3415DEC556}.Debug|Any CPU.ActiveCfg = Debug|Any CPU
		{CC6BA486-D8EF-46BA-8435-FD3415DEC556}.Debug|Any CPU.Build.0 = Debug|Any CPU
		{CC6BA486-D8EF-46BA-8435-FD3415DEC556}.Release|Any CPU.ActiveCfg = Release|Any CPU
		{CC6BA486-D8EF-46BA-8435-FD3415DEC556}.Release|Any CPU.Build.0 = Release|Any CPU
		{0D551AB7-8347-4A47-B57C-742CBC967DBF}.Debug|Any CPU.ActiveCfg = Debug|Any CPU
		{0D551AB7-8347-4A47-B57C-742CBC967DBF}.Debug|Any CPU.Build.0 = Debug|Any CPU
		{0D551AB7-8347-4A47-B57C-742CBC967DBF}.Release|Any CPU.ActiveCfg = Release|Any CPU
		{0D551AB7-8347-4A47-B57C-742CBC967DBF}.Release|Any CPU.Build.0 = Release|Any CPU
	EndGlobalSection
	GlobalSection(SolutionProperties) = preSolution
		HideSolutionNode = FALSE
	EndGlobalSection
EndGlobal
